
Microsoft Visual Studio Solution File, Format Version 12.00
# Visual Studio 14
VisualStudioVersion = 14.0.25420.1
MinimumVisualStudioVersion = 10.0.40219.1
Project("{54435603-DBB4-11D2-8724-00A0C9A8B90C}") = "Briefing v_1.0.0 Setup", "Briefing v_1.0.0 Setup\Briefing v_1.0.0 Setup.vdproj", "{A995A493-7019-4503-8E18-D8641590263C}"
EndProject
Project("{911E67C6-3D85-4FCE-B560-20A9C3E3FF48}") = "Briefing", "..\Briefing\Briefing\bin\Debug\Briefing.exe", "{45D27431-6908-4EA2-9CC1-97B04B9AF679}"
	ProjectSection(DebuggerProjectSystem) = preProject
		PortSupplier = 00000000-0000-0000-0000-000000000000
		Executable = C:\Users\alper\Desktop\Briefing\Briefing\bin\Debug\Briefing.exe
		RemoteMachine = YUNUSASUS
		StartingDirectory = C:\Users\alper\Desktop\Briefing\Briefing\bin\Debug
		Environment = Default
		LaunchingEngine = 00000000-0000-0000-0000-000000000000
		UseLegacyDebugEngines = No
		LaunchSQLEngine = No
		AttachLaunchAction = No
	EndProjectSection
EndProject
Global
	GlobalSection(SolutionConfigurationPlatforms) = preSolution
		Debug|x86 = Debug|x86
		Release|x86 = Release|x86
	EndGlobalSection
	GlobalSection(ProjectConfigurationPlatforms) = postSolution
		{A995A493-7019-4503-8E18-D8641590263C}.Debug|x86.ActiveCfg = Debug
		{A995A493-7019-4503-8E18-D8641590263C}.Debug|x86.Build.0 = Debug
		{A995A493-7019-4503-8E18-D8641590263C}.Release|x86.ActiveCfg = Release
		{A995A493-7019-4503-8E18-D8641590263C}.Release|x86.Build.0 = Release
		{45D27431-6908-4EA2-9CC1-97B04B9AF679}.Debug|x86.ActiveCfg = Release|x86
		{45D27431-6908-4EA2-9CC1-97B04B9AF679}.Release|x86.ActiveCfg = Release|x86
	EndGlobalSection
	GlobalSection(SolutionProperties) = preSolution
		HideSolutionNode = FALSE
	EndGlobalSection
EndGlobal
